{
  "name": "astal-shell",
  "lockfileVersion": 3,
  "requires": true,
  "packages": {
    "": {
      "name": "astal-shell",
      "dependencies": {
        "astal": "/usr/share/astal/gjs",
        "tailwindcss": "^4.1.7",
        "typescript": "^5.7.3"
      }
    },
    "../../../../usr/share/astal/gjs": {
      "name": "astal",
      "license": "LGPL-2.1"
    },
    "node_modules/astal": {
      "resolved": "../../../../usr/share/astal/gjs",
      "link": true
    },
    "node_modules/tailwindcss": {
      "version": "4.1.7",
      "resolved": "https://registry.npmjs.org/tailwindcss/-/tailwindcss-4.1.7.tgz",
      "integrity": "sha512-kr1o/ErIdNhTz8uzAYL7TpaUuzKIE6QPQ4qmSdxnoX/lo+5wmUHQA6h3L5yIqEImSRnAAURDirLu/BgiXGPAhg=="
    },
    "node_modules/typescript": {
      "version": "5.7.3",
      "resolved": "https://registry.npmjs.org/typescript/-/typescript-5.7.3.tgz",
      "integrity": "sha512-84MVSjMEHP+FQRPy3pX9sTVV/INIex71s9TL2Gm5FG/WG1SqXeKyZ0k7/blY/4FdOzI12CBy1vGc4og/eus0fw==",
      "bin": {
        "tsc": "bin/tsc",
        "tsserver": "bin/tsserver"
      },
      "engines": {
        "node": ">=14.17"
      }
    }
  }
}
